# This file is automatically @generated by Poetry 1.8.3 and should not be changed by hand.

[[package]]
name = "black"
version = "23.12.1"
description = "The uncompromising code formatter."
optional = false
python-versions = ">=3.8"
files = [
    {file = "black-23.12.1-cp310-cp310-macosx_10_9_x86_64.whl", hash = "sha256:e0aaf6041986767a5e0ce663c7a2f0e9eaf21e6ff87a5f95cbf3675bfd4c41d2"},
    {file = "black-23.12.1-cp310-cp310-macosx_11_0_arm64.whl", hash = "sha256:c88b3711d12905b74206227109272673edce0cb29f27e1385f33b0163c414bba"},
    {file = "black-23.12.1-cp310-cp310-manylinux_2_17_x86_64.manylinux2014_x86_64.whl", hash = "sha256:a920b569dc6b3472513ba6ddea21f440d4b4c699494d2e972a1753cdc25df7b0"},
    {file = "black-23.12.1-cp310-cp310-win_amd64.whl", hash = "sha256:3fa4be75ef2a6b96ea8d92b1587dd8cb3a35c7e3d51f0738ced0781c3aa3a5a3"},
    {file = "black-23.12.1-cp311-cp311-macosx_10_9_x86_64.whl", hash = "sha256:8d4df77958a622f9b5a4c96edb4b8c0034f8434032ab11077ec6c56ae9f384ba"},
    {file = "black-23.12.1-cp311-cp311-macosx_11_0_arm64.whl", hash = "sha256:602cfb1196dc692424c70b6507593a2b29aac0547c1be9a1d1365f0d964c353b"},
    {file = "black-23.12.1-cp311-cp311-manylinux_2_17_x86_64.manylinux2014_x86_64.whl", hash = "sha256:9c4352800f14be5b4864016882cdba10755bd50805c95f728011bcb47a4afd59"},
    {file = "black-23.12.1-cp311-cp311-win_amd64.whl", hash = "sha256:0808494f2b2df923ffc5723ed3c7b096bd76341f6213989759287611e9837d50"},
    {file = "black-23.12.1-cp312-cp312-macosx_10_9_x86_64.whl", hash = "sha256:25e57fd232a6d6ff3f4478a6fd0580838e47c93c83eaf1ccc92d4faf27112c4e"},
    {file = "black-23.12.1-cp312-cp312-macosx_11_0_arm64.whl", hash = "sha256:2d9e13db441c509a3763a7a3d9a49ccc1b4e974a47be4e08ade2a228876500ec"},
    {file = "black-23.12.1-cp312-cp312-manylinux_2_17_x86_64.manylinux2014_x86_64.whl", hash = "sha256:6d1bd9c210f8b109b1762ec9fd36592fdd528485aadb3f5849b2740ef17e674e"},
    {file = "black-23.12.1-cp312-cp312-win_amd64.whl", hash = "sha256:ae76c22bde5cbb6bfd211ec343ded2163bba7883c7bc77f6b756a1049436fbb9"},
    {file = "black-23.12.1-cp38-cp38-macosx_10_9_x86_64.whl", hash = "sha256:1fa88a0f74e50e4487477bc0bb900c6781dbddfdfa32691e780bf854c3b4a47f"},
    {file = "black-23.12.1-cp38-cp38-macosx_11_0_arm64.whl", hash = "sha256:a4d6a9668e45ad99d2f8ec70d5c8c04ef4f32f648ef39048d010b0689832ec6d"},
    {file = "black-23.12.1-cp38-cp38-manylinux_2_17_x86_64.manylinux2014_x86_64.whl", hash = "sha256:b18fb2ae6c4bb63eebe5be6bd869ba2f14fd0259bda7d18a46b764d8fb86298a"},
    {file = "black-23.12.1-cp38-cp38-win_amd64.whl", hash = "sha256:c04b6d9d20e9c13f43eee8ea87d44156b8505ca8a3c878773f68b4e4812a421e"},
    {file = "black-23.12.1-cp39-cp39-macosx_10_9_x86_64.whl", hash = "sha256:3e1b38b3135fd4c025c28c55ddfc236b05af657828a8a6abe5deec419a0b7055"},
    {file = "black-23.12.1-cp39-cp39-macosx_11_0_arm64.whl", hash = "sha256:4f0031eaa7b921db76decd73636ef3a12c942ed367d8c3841a0739412b260a54"},
    {file = "black-23.12.1-cp39-cp39-manylinux_2_17_x86_64.manylinux2014_x86_64.whl", hash = "sha256:97e56155c6b737854e60a9ab1c598ff2533d57e7506d97af5481141671abf3ea"},
    {file = "black-23.12.1-cp39-cp39-win_amd64.whl", hash = "sha256:dd15245c8b68fe2b6bd0f32c1556509d11bb33aec9b5d0866dd8e2ed3dba09c2"},
    {file = "black-23.12.1-py3-none-any.whl", hash = "sha256:78baad24af0f033958cad29731e27363183e140962595def56423e626f4bee3e"},
    {file = "black-23.12.1.tar.gz", hash = "sha256:4ce3ef14ebe8d9509188014d96af1c456a910d5b5cbf434a09fef7e024b3d0d5"},
]

[package.dependencies]
click = ">=8.0.0"
mypy-extensions = ">=0.4.3"
packaging = ">=22.0"
pathspec = ">=0.9.0"
platformdirs = ">=2"
tomli = {version = ">=1.1.0", markers = "python_version < \"3.11\""}
typing-extensions = {version = ">=4.0.1", markers = "python_version < \"3.11\""}

[package.extras]
colorama = ["colorama (>=0.4.3)"]
d = ["aiohttp (>=3.7.4)", "aiohttp (>=3.7.4,!=3.9.0)"]
jupyter = ["ipython (>=7.8.0)", "tokenize-rt (>=3.2.0)"]
uvloop = ["uvloop (>=0.15.2)"]

[[package]]
name = "click"
version = "8.1.7"
description = "Composable command line interface toolkit"
optional = false
python-versions = ">=3.7"
files = [
    {file = "click-8.1.7-py3-none-any.whl", hash = "sha256:ae74fb96c20a0277a1d615f1e4d73c8414f5a98db8b799a7931d1582f3390c28"},
    {file = "click-8.1.7.tar.gz", hash = "sha256:ca9853ad459e787e2192211578cc907e7594e294c7ccc834310722b41b9ca6de"},
]

[package.dependencies]
colorama = {version = "*", markers = "platform_system == \"Windows\""}

[[package]]
name = "colorama"
version = "0.4.6"
description = "Cross-platform colored terminal text."
optional = false
python-versions = "!=3.0.*,!=3.1.*,!=3.2.*,!=3.3.*,!=3.4.*,!=3.5.*,!=3.6.*,>=2.7"
files = [
    {file = "colorama-0.4.6-py2.py3-none-any.whl", hash = "sha256:4f1d9991f5acc0ca119f9d443620b77f9d6b33703e51011c16baf57afb285fc6"},
    {file = "colorama-0.4.6.tar.gz", hash = "sha256:08695f5cb7ed6e0531a20572697297273c47b8cae5a63ffc6d6ed5c201be6e44"},
]

[[package]]
name = "exceptiongroup"
version = "1.2.2"
description = "Backport of PEP 654 (exception groups)"
optional = false
python-versions = ">=3.7"
files = [
    {file = "exceptiongroup-1.2.2-py3-none-any.whl", hash = "sha256:3111b9d131c238bec2f8f516e123e14ba243563fb135d3fe885990585aa7795b"},
    {file = "exceptiongroup-1.2.2.tar.gz", hash = "sha256:47c2edf7c6738fafb49fd34290706d1a1a2f4d1c6df275526b62cbb4aa5393cc"},
]

[package.extras]
test = ["pytest (>=6)"]

[[package]]
name = "hiredis"
version = "2.4.0"
description = "Python wrapper for hiredis"
optional = false
python-versions = ">=3.8"
files = [
    {file = "hiredis-2.4.0-cp310-cp310-macosx_10_15_universal2.whl", hash = "sha256:aee6c4e8f670ea685345ce4ca01c574a52e0a4318af2b8cdd563de9567731056"},
    {file = "hiredis-2.4.0-cp310-cp310-macosx_10_15_x86_64.whl", hash = "sha256:76503a0edaf3d1557518127511e69e5d9fa37b6ff15598b0d9d9c2db18b08a41"},
    {file = "hiredis-2.4.0-cp310-cp310-macosx_11_0_arm64.whl", hash = "sha256:b027b53adb1df11923753d85587e3ab611fe70bc69596e9eb3269acab809c376"},
    {file = "hiredis-2.4.0-cp310-cp310-manylinux_2_17_aarch64.manylinux2014_aarch64.whl", hash = "sha256:a5d2776c7cd6a338cd9338fb50f2a38a7ca3e16250b40ab2d0c41eb1697ebc12"},
    {file = "hiredis-2.4.0-cp310-cp310-manylinux_2_17_ppc64le.manylinux2014_ppc64le.whl", hash = "sha256:8767cae1474f8102ec3d362976f80c8dd4eafd4109c6072adee0a15e37ba919c"},
    {file = "hiredis-2.4.0-cp310-cp310-manylinux_2_17_s390x.manylinux2014_s390x.whl", hash = "sha256:6dac8a5be01d92707409feec61b98721b7b5c3e77fe7e9e5c7cfb9fdd28385af"},
    {file = "hiredis-2.4.0-cp310-cp310-manylinux_2_17_x86_64.manylinux2014_x86_64.whl", hash = "sha256:87a8ece3e893f45354395c6b9dc0479744c1c8c6ee4471b60945d96c9b5ce6c2"},
    {file = "hiredis-2.4.0-cp310-cp310-manylinux_2_5_i686.manylinux1_i686.manylinux_2_17_i686.manylinux2014_i686.whl", hash = "sha256:c85110f536e59fe19ea4b002d04228f57f55462add1630a0785cd6ec62e70415"},
    {file = "hiredis-2.4.0-cp310-cp310-musllinux_1_2_aarch64.whl", hash = "sha256:cb62c82a2518b8446be1cc5eb4319e282776bf96fdb2964e81ff2c15d632248b"},
    {file = "hiredis-2.4.0-cp310-cp310-musllinux_1_2_i686.whl", hash = "sha256:9ae4b19cab270fae77d7f944d56bbb308c9886d9577891b347a8deea75563995"},
    {file = "hiredis-2.4.0-cp310-cp310-musllinux_1_2_ppc64le.whl", hash = "sha256:9fc1a6c78197eff8b4d125bb98410b661e732f3ec563c03264d2d7378cf9e613"},
    {file = "hiredis-2.4.0-cp310-cp310-musllinux_1_2_s390x.whl", hash = "sha256:38dd931f1124bd9781d3027a0cd6fb6f5a75b5c4ba4fe5540584105239b1f901"},
    {file = "hiredis-2.4.0-cp310-cp310-musllinux_1_2_x86_64.whl", hash = "sha256:2a21e2740c33347740dceb106b64b8a384e91da49aac7e8b3f2a25a9b33714b9"},
    {file = "hiredis-2.4.0-cp310-cp310-win32.whl", hash = "sha256:b0adbe8f33f57f2b6bfa8a2ea18f3e4ed91676503673f70f796bfbd06a1a2214"},
    {file = "hiredis-2.4.0-cp310-cp310-win_amd64.whl", hash = "sha256:168de1672bd73f7f3cdf0097084b4a71651ac35f7d99d0229ea8f223358d3a79"},
    {file = "hiredis-2.4.0-cp311-cp311-macosx_10_15_universal2.whl", hash = "sha256:ac9d91b4d9c306e66a1abd224524fada07684a57f7da72a675e4b8bee9302b38"},
    {file = "hiredis-2.4.0-cp311-cp311-macosx_10_15_x86_64.whl", hash = "sha256:f74bfa9f1b91718d6664d4708d092f7d44e2f0f825a5fab82819d43d41e0302d"},
    {file = "hiredis-2.4.0-cp311-cp311-macosx_11_0_arm64.whl", hash = "sha256:668b02556d12046e7ce94ded5bfe0ad9989d26e6977ecc55941b9a1a4a49d7d5"},
    {file = "hiredis-2.4.0-cp311-cp311-manylinux_2_17_aarch64.manylinux2014_aarch64.whl", hash = "sha256:6033cc6caaf056969af9ce372282a6ef2838559f2eadffe7ddb73bf65dcb27d6"},
    {file = "hiredis-2.4.0-cp311-cp311-manylinux_2_17_ppc64le.manylinux2014_ppc64le.whl", hash = "sha256:f76fcf2867d19259b53680c08314435b46f632d20a4d7b9f0ccbb5dd3e925e79"},
    {file = "hiredis-2.4.0-cp311-cp311-manylinux_2_17_s390x.manylinux2014_s390x.whl", hash = "sha256:1c0e706e0c3d1ec54d8243410e0fd5974b1c7b69db5c54cd9ae6a3a4b64fae33"},
    {file = "hiredis-2.4.0-cp311-cp311-manylinux_2_17_x86_64.manylinux2014_x86_64.whl", hash = "sha256:06815c3b9bf7225c4dcc9dd9dfb5a9fa91b4f680104443ef3fcd78410d7eb027"},
    {file = "hiredis-2.4.0-cp311-cp311-manylinux_2_5_i686.manylinux1_i686.manylinux_2_17_i686.manylinux2014_i686.whl", hash = "sha256:f44715d6a3313d614ff7550e52ecff67a283776909d960f338701b57e6013542"},
    {file = "hiredis-2.4.0-cp311-cp311-musllinux_1_2_aarch64.whl", hash = "sha256:39e1c7212dea1bbed0b075574808bc7c3192b324f54ea5d9ee522f6c35014ce7"},
    {file = "hiredis-2.4.0-cp311-cp311-musllinux_1_2_i686.whl", hash = "sha256:b385fc7fc7b0811c3fcac4b0a35e5606eca693efba0d1446623ef0158a078034"},
    {file = "hiredis-2.4.0-cp311-cp311-musllinux_1_2_ppc64le.whl", hash = "sha256:0a87a249124666db2b795a0eb77cea5b8af8b148566616a681304826b4405869"},
    {file = "hiredis-2.4.0-cp311-cp311-musllinux_1_2_s390x.whl", hash = "sha256:9b4039cd40335f66e55a8bee314b6a795f169fb02d70215d482023ec74613371"},
    {file = "hiredis-2.4.0-cp311-cp311-musllinux_1_2_x86_64.whl", hash = "sha256:c77113fbdbd7ca5de72dd3b7d113856609a1b878f6164de09dd95d12e6a51de2"},
    {file = "hiredis-2.4.0-cp311-cp311-win32.whl", hash = "sha256:469c1a85017abf11d854fb16eca9a4093ebe1f2dacf777fed869d726f02b1389"},
    {file = "hiredis-2.4.0-cp311-cp311-win_amd64.whl", hash = "sha256:a5c3a32af789b0ec413a606c99b55579abbcb6c86220610a5c5041da8688e7ca"},
    {file = "hiredis-2.4.0-cp312-cp312-macosx_10_15_universal2.whl", hash = "sha256:8b88390a5e31572e05e8eab476ed3176cc3d2f9622ccc059398ffdb02aaefec4"},
    {file = "hiredis-2.4.0-cp312-cp312-macosx_10_15_x86_64.whl", hash = "sha256:fa4842977924209ae653e856238a30b1c68e579ecde5cf1c16c4de471b35cec7"},
    {file = "hiredis-2.4.0-cp312-cp312-macosx_11_0_arm64.whl", hash = "sha256:a459b7ff3d802792254d6fc6a622e53ca9cf9f002ed79db7e4dee536b2e20e5d"},
    {file = "hiredis-2.4.0-cp312-cp312-manylinux_2_17_aarch64.manylinux2014_aarch64.whl", hash = "sha256:d5c711c8ca8d5767ed8ecd5fb5602c12eaf8fb256a5f4308ae36f2dc79e6f853"},
    {file = "hiredis-2.4.0-cp312-cp312-manylinux_2_17_ppc64le.manylinux2014_ppc64le.whl", hash = "sha256:a4f733882b67407d4b667eafd61fce86e8e204b158258cc1d0cb0843f6bb4708"},
    {file = "hiredis-2.4.0-cp312-cp312-manylinux_2_17_s390x.manylinux2014_s390x.whl", hash = "sha256:605fe35ebb482b7c8d5daadcf3d264dc5edd205a352d89ee3a983861ef73cda8"},
    {file = "hiredis-2.4.0-cp312-cp312-manylinux_2_17_x86_64.manylinux2014_x86_64.whl", hash = "sha256:a40f1d985047fe4654a1afb4702cbe0daeacde3868d52be9e4652615d387e05b"},
    {file = "hiredis-2.4.0-cp312-cp312-manylinux_2_5_i686.manylinux1_i686.manylinux_2_17_i686.manylinux2014_i686.whl", hash = "sha256:fc8d3edbc9f32da930da6ea33d43ce0c3239e6b2018a77907fbf4e9836bd6def"},
    {file = "hiredis-2.4.0-cp312-cp312-musllinux_1_2_aarch64.whl", hash = "sha256:5b0b2463906cc4119187dfaad493c48a7b2e17120946feb3eb7c2328c8cb4bca"},
    {file = "hiredis-2.4.0-cp312-cp312-musllinux_1_2_i686.whl", hash = "sha256:5e45171fd046bbed2ce6ac485071cd0575d18ae98b5bbcf6533356e443ec47ea"},
    {file = "hiredis-2.4.0-cp312-cp312-musllinux_1_2_ppc64le.whl", hash = "sha256:68e39d2c0beed53e5361caacd0de98f864b3532344edb79e27e62efba2262de5"},
    {file = "hiredis-2.4.0-cp312-cp312-musllinux_1_2_s390x.whl", hash = "sha256:2b76a5600047387c73c1b3d950e4ae3feffaefd442b20ba2f5fea773881d9bcd"},
    {file = "hiredis-2.4.0-cp312-cp312-musllinux_1_2_x86_64.whl", hash = "sha256:1537d13eefe4f48cb979362264851ee90d2bb7a221c8c350e9ceeda9f0392228"},
    {file = "hiredis-2.4.0-cp312-cp312-win32.whl", hash = "sha256:1bfa50491d3222e3c2297b52c14e835ac52702ac8a91ec3fc1ff5201912623bb"},
    {file = "hiredis-2.4.0-cp312-cp312-win_amd64.whl", hash = "sha256:9aabc6098ef00e158598489db5a8b9e12d57a55ea5a4ec35ba3b527dfb88d16e"},
    {file = "hiredis-2.4.0-cp38-cp38-macosx_10_15_universal2.whl", hash = "sha256:2d7715598c9034369cf739475ccc2db53a8ca895ff398fef6b9c597c30960ea8"},
    {file = "hiredis-2.4.0-cp38-cp38-macosx_10_15_x86_64.whl", hash = "sha256:5bdb223e7c3b9470f126bb77879ee2593fd79b28e1e8b11ad9edd3f866556109"},
    {file = "hiredis-2.4.0-cp38-cp38-macosx_11_0_arm64.whl", hash = "sha256:070a0198401bc567709b9edff7f01e94c136dcca69d0ded4747b116bb0b8b577"},
    {file = "hiredis-2.4.0-cp38-cp38-manylinux_2_17_aarch64.manylinux2014_aarch64.whl", hash = "sha256:c2676e2a934e046200faf0dc26ffa48c4989c3561c9bb97832e79969a41b2afe"},
    {file = "hiredis-2.4.0-cp38-cp38-manylinux_2_17_ppc64le.manylinux2014_ppc64le.whl", hash = "sha256:5598afad9e2f8e4fc9a456d281a9cc80315b0e18f5064437223dbfe67f49bded"},
    {file = "hiredis-2.4.0-cp38-cp38-manylinux_2_17_s390x.manylinux2014_s390x.whl", hash = "sha256:f34b39057956305935c71f51a0860709b6124c92281dc03841587dd45a86322c"},
    {file = "hiredis-2.4.0-cp38-cp38-manylinux_2_17_x86_64.manylinux2014_x86_64.whl", hash = "sha256:3ced14fbec28fbabda7cb9f9094f2578c154c14f1a820a91c30fc8ee0bea1a0d"},
    {file = "hiredis-2.4.0-cp38-cp38-manylinux_2_5_i686.manylinux1_i686.manylinux_2_17_i686.manylinux2014_i686.whl", hash = "sha256:c9f8827cd7a84f5344779754ebb633bca71c470e028f92ecc959e666ef5c5e3c"},
    {file = "hiredis-2.4.0-cp38-cp38-musllinux_1_2_aarch64.whl", hash = "sha256:737585b122fca03273bbf1f4e98909254dba6f8cd85f1cb566d6c890d0389277"},
    {file = "hiredis-2.4.0-cp38-cp38-musllinux_1_2_i686.whl", hash = "sha256:468efdcbad7349a44aace693aed8324a01de180fcd4ef5513199eedb9b4341c8"},
    {file = "hiredis-2.4.0-cp38-cp38-musllinux_1_2_ppc64le.whl", hash = "sha256:98148ecaa7836f76ed33429e84a23253ac00acbad90c62b8b4ad0f61de31da2b"},
    {file = "hiredis-2.4.0-cp38-cp38-musllinux_1_2_s390x.whl", hash = "sha256:b4e5e9d1f84bbc01bf6a32a4704920c72e37d9090b3e0e29bd1574d06b3249f1"},
    {file = "hiredis-2.4.0-cp38-cp38-musllinux_1_2_x86_64.whl", hash = "sha256:2b90d9861673b0ba04651ade62e0fe568df71bbff8468657406848e9abf3650a"},
    {file = "hiredis-2.4.0-cp38-cp38-win32.whl", hash = "sha256:a816f732f695261798a8a0fc1e0232a3638933b8ddfc574c00f9ef70d9f34cb8"},
    {file = "hiredis-2.4.0-cp38-cp38-win_amd64.whl", hash = "sha256:e3215b43632a23b5b99165097949ce51dd093ab33d410bcf8aa901cdbc64d9cd"},
    {file = "hiredis-2.4.0-cp39-cp39-macosx_10_15_universal2.whl", hash = "sha256:52d92df0eb5bba7f31f302a08174d628956d7216453da9d96498da9341179288"},
    {file = "hiredis-2.4.0-cp39-cp39-macosx_10_15_x86_64.whl", hash = "sha256:7236b26828e005435fb3013894eed6a40c6f9b1b11a48391a904eee693ded204"},
    {file = "hiredis-2.4.0-cp39-cp39-macosx_11_0_arm64.whl", hash = "sha256:b868b7fc24dd8ab4762b59a533bdbd096ebba7eabc853c7f78af8edce46d1390"},
    {file = "hiredis-2.4.0-cp39-cp39-manylinux_2_17_aarch64.manylinux2014_aarch64.whl", hash = "sha256:83538638a788b7b4a0b02de0eedcf0e71ae27474b031276e4c8ca88285281a2e"},
    {file = "hiredis-2.4.0-cp39-cp39-manylinux_2_17_ppc64le.manylinux2014_ppc64le.whl", hash = "sha256:6494120d0a0f46a1d7dfc7def55782782856bdd5acb2f6039fb1eafecea2c2c0"},
    {file = "hiredis-2.4.0-cp39-cp39-manylinux_2_17_s390x.manylinux2014_s390x.whl", hash = "sha256:6ceaf7c6b593bf62e0567fd16547727f502ed704352392708a57c65bfd2feb73"},
    {file = "hiredis-2.4.0-cp39-cp39-manylinux_2_17_x86_64.manylinux2014_x86_64.whl", hash = "sha256:b8eee5d25efee64e172ed0d60ebcf6bca92b0b26a7fd048bb946b32fb90dbdc0"},
    {file = "hiredis-2.4.0-cp39-cp39-manylinux_2_5_i686.manylinux1_i686.manylinux_2_17_i686.manylinux2014_i686.whl", hash = "sha256:082ba6a3189d59f44bf75ca2c0467cdbc67c860eacd4bf564b9a927471888603"},
    {file = "hiredis-2.4.0-cp39-cp39-musllinux_1_2_aarch64.whl", hash = "sha256:6c3f8e0c3a0744d843e3044ea76db8aa996a6cc7541693111acc2c9c30a05182"},
    {file = "hiredis-2.4.0-cp39-cp39-musllinux_1_2_i686.whl", hash = "sha256:bae7f07731c6c285b87111c7d5c5efa65f8b48016a98bcc57eebc24a3c7d854d"},
    {file = "hiredis-2.4.0-cp39-cp39-musllinux_1_2_ppc64le.whl", hash = "sha256:54409fbefebe26274170c1c54e1852d310d84b85e405258aea6a78bec03b3eba"},
    {file = "hiredis-2.4.0-cp39-cp39-musllinux_1_2_s390x.whl", hash = "sha256:3abc0936c1efc59b510c7eab3799119a6ce8da94cea1f891854a6c3678d711f0"},
    {file = "hiredis-2.4.0-cp39-cp39-musllinux_1_2_x86_64.whl", hash = "sha256:b8472151e6f7ae90d7fd231a1ac16d2e628b93ce20d0f8063da25bd8bfdeb9e5"},
    {file = "hiredis-2.4.0-cp39-cp39-win32.whl", hash = "sha256:beb0f7f8371d933072e9bdc00c6df7eb5fdf76b93f08bfe73094f60c3f011f57"},
    {file = "hiredis-2.4.0-cp39-cp39-win_amd64.whl", hash = "sha256:4bf4b8513cea6e04ddee1b578ab306fb8bfa84b2f7e92ee3dbaf65652abb07d1"},
    {file = "hiredis-2.4.0-pp310-pypy310_pp73-macosx_10_15_x86_64.whl", hash = "sha256:aeb60452d5b6150075974bc36e1cc74a46bd4b125cd5e72a86a04f4d6abf4e67"},
    {file = "hiredis-2.4.0-pp310-pypy310_pp73-macosx_11_0_arm64.whl", hash = "sha256:4da6d881033a1bcb31bba152ea0925344127f0a98f86a6cf2ceb01cf6ecd29e2"},
    {file = "hiredis-2.4.0-pp310-pypy310_pp73-manylinux_2_17_aarch64.manylinux2014_aarch64.whl", hash = "sha256:a9d559775a95aee0ff06c0aaac638691619d6342b7cde85c62ad228804f82829"},
    {file = "hiredis-2.4.0-pp310-pypy310_pp73-manylinux_2_17_x86_64.manylinux2014_x86_64.whl", hash = "sha256:48baae8fbebf3b11660db6e51a55ff51516ed32edcd44a57f51ea9b373aca330"},
    {file = "hiredis-2.4.0-pp310-pypy310_pp73-manylinux_2_5_i686.manylinux1_i686.manylinux_2_17_i686.manylinux2014_i686.whl", hash = "sha256:d851b7ff732ebc9d823de3c7cc95a5ed4261a0226acd46861a18369ac9568f36"},
    {file = "hiredis-2.4.0-pp310-pypy310_pp73-win_amd64.whl", hash = "sha256:1d16f5023c1d9971f284231eb7036a25d4d123138a5adc4512c92a73d83b9a77"},
    {file = "hiredis-2.4.0-pp38-pypy38_pp73-macosx_10_15_x86_64.whl", hash = "sha256:a56a35e2e0b7eda39957ccd33059b79bb2fc57f54c501a917d1092c895f56d08"},
    {file = "hiredis-2.4.0-pp38-pypy38_pp73-macosx_11_0_arm64.whl", hash = "sha256:6e38f66dd7fd07a9306ed37d6d02bc584b67e5945f2ddc98e5c78420cc66dbac"},
    {file = "hiredis-2.4.0-pp38-pypy38_pp73-manylinux_2_17_aarch64.manylinux2014_aarch64.whl", hash = "sha256:400a42b8d16206e45c8223cdaf5acc35839e10c35383b3fba3f43e7eb315c213"},
    {file = "hiredis-2.4.0-pp38-pypy38_pp73-manylinux_2_17_x86_64.manylinux2014_x86_64.whl", hash = "sha256:5cc3c59dd0cd67d0aa0481a43392848a60f1a81d12b38ce8d56d6a5d6c190de8"},
    {file = "hiredis-2.4.0-pp38-pypy38_pp73-manylinux_2_5_i686.manylinux1_i686.manylinux_2_17_i686.manylinux2014_i686.whl", hash = "sha256:e2a917ab420cd88b040ec85b5abc1244ab82b34d56461e2ffff58e0c7d018bae"},
    {file = "hiredis-2.4.0-pp38-pypy38_pp73-win_amd64.whl", hash = "sha256:764032f2222d70a130445fd332cf45d46d8226f4b3a7bf8abc314aa93d5a8212"},
    {file = "hiredis-2.4.0-pp39-pypy39_pp73-macosx_10_15_x86_64.whl", hash = "sha256:b30dcfbc5ab2fc932a723a39c2cb52d4f5c8b1705aa05a0bae23f28f70e06982"},
    {file = "hiredis-2.4.0-pp39-pypy39_pp73-macosx_11_0_arm64.whl", hash = "sha256:b50ad622d8a71c8b72582dc84a990f3f079775edc1bcf0f43ed59bb2277fca2f"},
    {file = "hiredis-2.4.0-pp39-pypy39_pp73-manylinux_2_17_aarch64.manylinux2014_aarch64.whl", hash = "sha256:339f29542be968153afd6c6495c1222681c4b66b9a5a5573c11512378b7167c9"},
    {file = "hiredis-2.4.0-pp39-pypy39_pp73-manylinux_2_17_x86_64.manylinux2014_x86_64.whl", hash = "sha256:b544a1a78e0812134572cc13f5ee330bfb6bfe6dda58d2e26c20557bb0e0cec9"},
    {file = "hiredis-2.4.0-pp39-pypy39_pp73-manylinux_2_5_i686.manylinux1_i686.manylinux_2_17_i686.manylinux2014_i686.whl", hash = "sha256:e71386f89dc2db805b4c9518dee6d81abddb8e79e4d9313cecdb702c924b8187"},
    {file = "hiredis-2.4.0-pp39-pypy39_pp73-win_amd64.whl", hash = "sha256:ae340c41024b9be566f600f364c8d286217f2975fd765fb3fb4dd6dfbdbec825"},
    {file = "hiredis-2.4.0.tar.gz", hash = "sha256:90d7af678056c7889d86821344d79fec3932a6a1480ebba3d644cb29a3135348"},
]

[[package]]
name = "iniconfig"
version = "2.0.0"
description = "brain-dead simple config-ini parsing"
optional = false
python-versions = ">=3.7"
files = [
    {file = "iniconfig-2.0.0-py3-none-any.whl", hash = "sha256:b6a85871a79d2e3b22d2d1b94ac2824226a63c6b741c88f7ae975f18b6778374"},
    {file = "iniconfig-2.0.0.tar.gz", hash = "sha256:2d91e135bf72d31a410b17c16da610a82cb55f6b0477d1a902134b24a455b8b3"},
]

[[package]]
name = "isort"
version = "5.13.2"
description = "A Python utility / library to sort Python imports."
optional = false
python-versions = ">=3.8.0"
files = [
    {file = "isort-5.13.2-py3-none-any.whl", hash = "sha256:8ca5e72a8d85860d5a3fa69b8745237f2939afe12dbf656afbcb47fe72d947a6"},
    {file = "isort-5.13.2.tar.gz", hash = "sha256:48fdfcb9face5d58a4f6dde2e72a1fb8dcaf8ab26f95ab49fab84c2ddefb0109"},
]

[package.extras]
colors = ["colorama (>=0.4.6)"]

[[package]]
name = "msgpack"
version = "1.1.0"
description = "MessagePack serializer"
optional = false
python-versions = ">=3.8"
files = [
    {file = "msgpack-1.1.0-cp310-cp310-macosx_10_9_universal2.whl", hash = "sha256:7ad442d527a7e358a469faf43fda45aaf4ac3249c8310a82f0ccff9164e5dccd"},
    {file = "msgpack-1.1.0-cp310-cp310-macosx_10_9_x86_64.whl", hash = "sha256:74bed8f63f8f14d75eec75cf3d04ad581da6b914001b474a5d3cd3372c8cc27d"},
    {file = "msgpack-1.1.0-cp310-cp310-macosx_11_0_arm64.whl", hash = "sha256:914571a2a5b4e7606997e169f64ce53a8b1e06f2cf2c3a7273aa106236d43dd5"},
    {file = "msgpack-1.1.0-cp310-cp310-manylinux_2_17_aarch64.manylinux2014_aarch64.whl", hash = "sha256:c921af52214dcbb75e6bdf6a661b23c3e6417f00c603dd2070bccb5c3ef499f5"},
    {file = "msgpack-1.1.0-cp310-cp310-manylinux_2_17_x86_64.manylinux2014_x86_64.whl", hash = "sha256:d8ce0b22b890be5d252de90d0e0d119f363012027cf256185fc3d474c44b1b9e"},
    {file = "msgpack-1.1.0-cp310-cp310-manylinux_2_5_i686.manylinux1_i686.manylinux_2_17_i686.manylinux2014_i686.whl", hash = "sha256:73322a6cc57fcee3c0c57c4463d828e9428275fb85a27aa2aa1a92fdc42afd7b"},
    {file = "msgpack-1.1.0-cp310-cp310-musllinux_1_2_aarch64.whl", hash = "sha256:e1f3c3d21f7cf67bcf2da8e494d30a75e4cf60041d98b3f79875afb5b96f3a3f"},
    {file = "msgpack-1.1.0-cp310-cp310-musllinux_1_2_i686.whl", hash = "sha256:64fc9068d701233effd61b19efb1485587560b66fe57b3e50d29c5d78e7fef68"},
    {file = "msgpack-1.1.0-cp310-cp310-musllinux_1_2_x86_64.whl", hash = "sha256:42f754515e0f683f9c79210a5d1cad631ec3d06cea5172214d2176a42e67e19b"},
    {file = "msgpack-1.1.0-cp310-cp310-win32.whl", hash = "sha256:3df7e6b05571b3814361e8464f9304c42d2196808e0119f55d0d3e62cd5ea044"},
    {file = "msgpack-1.1.0-cp310-cp310-win_amd64.whl", hash = "sha256:685ec345eefc757a7c8af44a3032734a739f8c45d1b0ac45efc5d8977aa4720f"},
    {file = "msgpack-1.1.0-cp311-cp311-macosx_10_9_universal2.whl", hash = "sha256:3d364a55082fb2a7416f6c63ae383fbd903adb5a6cf78c5b96cc6316dc1cedc7"},
    {file = "msgpack-1.1.0-cp311-cp311-macosx_10_9_x86_64.whl", hash = "sha256:79ec007767b9b56860e0372085f8504db5d06bd6a327a335449508bbee9648fa"},
    {file = "msgpack-1.1.0-cp311-cp311-macosx_11_0_arm64.whl", hash = "sha256:6ad622bf7756d5a497d5b6836e7fc3752e2dd6f4c648e24b1803f6048596f701"},
    {file = "msgpack-1.1.0-cp311-cp311-manylinux_2_17_aarch64.manylinux2014_aarch64.whl", hash = "sha256:8e59bca908d9ca0de3dc8684f21ebf9a690fe47b6be93236eb40b99af28b6ea6"},
    {file = "msgpack-1.1.0-cp311-cp311-manylinux_2_17_x86_64.manylinux2014_x86_64.whl", hash = "sha256:5e1da8f11a3dd397f0a32c76165cf0c4eb95b31013a94f6ecc0b280c05c91b59"},
    {file = "msgpack-1.1.0-cp311-cp311-manylinux_2_5_i686.manylinux1_i686.manylinux_2_17_i686.manylinux2014_i686.whl", hash = "sha256:452aff037287acb1d70a804ffd022b21fa2bb7c46bee884dbc864cc9024128a0"},
    {file = "msgpack-1.1.0-cp311-cp311-musllinux_1_2_aarch64.whl", hash = "sha256:8da4bf6d54ceed70e8861f833f83ce0814a2b72102e890cbdfe4b34764cdd66e"},
    {file = "msgpack-1.1.0-cp311-cp311-musllinux_1_2_i686.whl", hash = "sha256:41c991beebf175faf352fb940bf2af9ad1fb77fd25f38d9142053914947cdbf6"},
    {file = "msgpack-1.1.0-cp311-cp311-musllinux_1_2_x86_64.whl", hash = "sha256:a52a1f3a5af7ba1c9ace055b659189f6c669cf3657095b50f9602af3a3ba0fe5"},
    {file = "msgpack-1.1.0-cp311-cp311-win32.whl", hash = "sha256:58638690ebd0a06427c5fe1a227bb6b8b9fdc2bd07701bec13c2335c82131a88"},
    {file = "msgpack-1.1.0-cp311-cp311-win_amd64.whl", hash = "sha256:fd2906780f25c8ed5d7b323379f6138524ba793428db5d0e9d226d3fa6aa1788"},
    {file = "msgpack-1.1.0-cp312-cp312-macosx_10_9_universal2.whl", hash = "sha256:d46cf9e3705ea9485687aa4001a76e44748b609d260af21c4ceea7f2212a501d"},
    {file = "msgpack-1.1.0-cp312-cp312-macosx_10_9_x86_64.whl", hash = "sha256:5dbad74103df937e1325cc4bfeaf57713be0b4f15e1c2da43ccdd836393e2ea2"},
    {file = "msgpack-1.1.0-cp312-cp312-macosx_11_0_arm64.whl", hash = "sha256:58dfc47f8b102da61e8949708b3eafc3504509a5728f8b4ddef84bd9e16ad420"},
    {file = "msgpack-1.1.0-cp312-cp312-manylinux_2_17_aarch64.manylinux2014_aarch64.whl", hash = "sha256:4676e5be1b472909b2ee6356ff425ebedf5142427842aa06b4dfd5117d1ca8a2"},
    {file = "msgpack-1.1.0-cp312-cp312-manylinux_2_17_x86_64.manylinux2014_x86_64.whl", hash = "sha256:17fb65dd0bec285907f68b15734a993ad3fc94332b5bb21b0435846228de1f39"},
    {file = "msgpack-1.1.0-cp312-cp312-manylinux_2_5_i686.manylinux1_i686.manylinux_2_17_i686.manylinux2014_i686.whl", hash = "sha256:a51abd48c6d8ac89e0cfd4fe177c61481aca2d5e7ba42044fd218cfd8ea9899f"},
    {file = "msgpack-1.1.0-cp312-cp312-musllinux_1_2_aarch64.whl", hash = "sha256:2137773500afa5494a61b1208619e3871f75f27b03bcfca7b3a7023284140247"},
    {file = "msgpack-1.1.0-cp312-cp312-musllinux_1_2_i686.whl", hash = "sha256:398b713459fea610861c8a7b62a6fec1882759f308ae0795b5413ff6a160cf3c"},
    {file = "msgpack-1.1.0-cp312-cp312-musllinux_1_2_x86_64.whl", hash = "sha256:06f5fd2f6bb2a7914922d935d3b8bb4a7fff3a9a91cfce6d06c13bc42bec975b"},
    {file = "msgpack-1.1.0-cp312-cp312-win32.whl", hash = "sha256:ad33e8400e4ec17ba782f7b9cf868977d867ed784a1f5f2ab46e7ba53b6e1e1b"},
    {file = "msgpack-1.1.0-cp312-cp312-win_amd64.whl", hash = "sha256:115a7af8ee9e8cddc10f87636767857e7e3717b7a2e97379dc2054712693e90f"},
    {file = "msgpack-1.1.0-cp313-cp313-macosx_10_13_universal2.whl", hash = "sha256:071603e2f0771c45ad9bc65719291c568d4edf120b44eb36324dcb02a13bfddf"},
    {file = "msgpack-1.1.0-cp313-cp313-macosx_10_13_x86_64.whl", hash = "sha256:0f92a83b84e7c0749e3f12821949d79485971f087604178026085f60ce109330"},
    {file = "msgpack-1.1.0-cp313-cp313-macosx_11_0_arm64.whl", hash = "sha256:4a1964df7b81285d00a84da4e70cb1383f2e665e0f1f2a7027e683956d04b734"},
    {file = "msgpack-1.1.0-cp313-cp313-manylinux_2_17_aarch64.manylinux2014_aarch64.whl", hash = "sha256:59caf6a4ed0d164055ccff8fe31eddc0ebc07cf7326a2aaa0dbf7a4001cd823e"},
    {file = "msgpack-1.1.0-cp313-cp313-manylinux_2_17_x86_64.manylinux2014_x86_64.whl", hash = "sha256:0907e1a7119b337971a689153665764adc34e89175f9a34793307d9def08e6ca"},
    {file = "msgpack-1.1.0-cp313-cp313-manylinux_2_5_i686.manylinux1_i686.manylinux_2_17_i686.manylinux2014_i686.whl", hash = "sha256:65553c9b6da8166e819a6aa90ad15288599b340f91d18f60b2061f402b9a4915"},
    {file = "msgpack-1.1.0-cp313-cp313-musllinux_1_2_aarch64.whl", hash = "sha256:7a946a8992941fea80ed4beae6bff74ffd7ee129a90b4dd5cf9c476a30e9708d"},
    {file = "msgpack-1.1.0-cp313-cp313-musllinux_1_2_i686.whl", hash = "sha256:4b51405e36e075193bc051315dbf29168d6141ae2500ba8cd80a522964e31434"},
    {file = "msgpack-1.1.0-cp313-cp313-musllinux_1_2_x86_64.whl", hash = "sha256:b4c01941fd2ff87c2a934ee6055bda4ed353a7846b8d4f341c428109e9fcde8c"},
    {file = "msgpack-1.1.0-cp313-cp313-win32.whl", hash = "sha256:7c9a35ce2c2573bada929e0b7b3576de647b0defbd25f5139dcdaba0ae35a4cc"},
    {file = "msgpack-1.1.0-cp313-cp313-win_amd64.whl", hash = "sha256:bce7d9e614a04d0883af0b3d4d501171fbfca038f12c77fa838d9f198147a23f"},
    {file = "msgpack-1.1.0-cp38-cp38-manylinux_2_17_aarch64.manylinux2014_aarch64.whl", hash = "sha256:c40ffa9a15d74e05ba1fe2681ea33b9caffd886675412612d93ab17b58ea2fec"},
    {file = "msgpack-1.1.0-cp38-cp38-manylinux_2_17_x86_64.manylinux2014_x86_64.whl", hash = "sha256:f1ba6136e650898082d9d5a5217d5906d1e138024f836ff48691784bbe1adf96"},
    {file = "msgpack-1.1.0-cp38-cp38-manylinux_2_5_i686.manylinux1_i686.manylinux_2_17_i686.manylinux2014_i686.whl", hash = "sha256:e0856a2b7e8dcb874be44fea031d22e5b3a19121be92a1e098f46068a11b0870"},
    {file = "msgpack-1.1.0-cp38-cp38-musllinux_1_2_aarch64.whl", hash = "sha256:471e27a5787a2e3f974ba023f9e265a8c7cfd373632247deb225617e3100a3c7"},
    {file = "msgpack-1.1.0-cp38-cp38-musllinux_1_2_i686.whl", hash = "sha256:646afc8102935a388ffc3914b336d22d1c2d6209c773f3eb5dd4d6d3b6f8c1cb"},
    {file = "msgpack-1.1.0-cp38-cp38-musllinux_1_2_x86_64.whl", hash = "sha256:13599f8829cfbe0158f6456374e9eea9f44eee08076291771d8ae93eda56607f"},
    {file = "msgpack-1.1.0-cp38-cp38-win32.whl", hash = "sha256:8a84efb768fb968381e525eeeb3d92857e4985aacc39f3c47ffd00eb4509315b"},
    {file = "msgpack-1.1.0-cp38-cp38-win_amd64.whl", hash = "sha256:879a7b7b0ad82481c52d3c7eb99bf6f0645dbdec5134a4bddbd16f3506947feb"},
    {file = "msgpack-1.1.0-cp39-cp39-macosx_10_9_universal2.whl", hash = "sha256:53258eeb7a80fc46f62fd59c876957a2d0e15e6449a9e71842b6d24419d88ca1"},
    {file = "msgpack-1.1.0-cp39-cp39-macosx_10_9_x86_64.whl", hash = "sha256:7e7b853bbc44fb03fbdba34feb4bd414322180135e2cb5164f20ce1c9795ee48"},
    {file = "msgpack-1.1.0-cp39-cp39-macosx_11_0_arm64.whl", hash = "sha256:f3e9b4936df53b970513eac1758f3882c88658a220b58dcc1e39606dccaaf01c"},
    {file = "msgpack-1.1.0-cp39-cp39-manylinux_2_17_aarch64.manylinux2014_aarch64.whl", hash = "sha256:46c34e99110762a76e3911fc923222472c9d681f1094096ac4102c18319e6468"},
    {file = "msgpack-1.1.0-cp39-cp39-manylinux_2_17_x86_64.manylinux2014_x86_64.whl", hash = "sha256:8a706d1e74dd3dea05cb54580d9bd8b2880e9264856ce5068027eed09680aa74"},
    {file = "msgpack-1.1.0-cp39-cp39-manylinux_2_5_i686.manylinux1_i686.manylinux_2_17_i686.manylinux2014_i686.whl", hash = "sha256:534480ee5690ab3cbed89d4c8971a5c631b69a8c0883ecfea96c19118510c846"},
    {file = "msgpack-1.1.0-cp39-cp39-musllinux_1_2_aarch64.whl", hash = "sha256:8cf9e8c3a2153934a23ac160cc4cba0ec035f6867c8013cc6077a79823370346"},
    {file = "msgpack-1.1.0-cp39-cp39-musllinux_1_2_i686.whl", hash = "sha256:3180065ec2abbe13a4ad37688b61b99d7f9e012a535b930e0e683ad6bc30155b"},
    {file = "msgpack-1.1.0-cp39-cp39-musllinux_1_2_x86_64.whl", hash = "sha256:c5a91481a3cc573ac8c0d9aace09345d989dc4a0202b7fcb312c88c26d4e71a8"},
    {file = "msgpack-1.1.0-cp39-cp39-win32.whl", hash = "sha256:f80bc7d47f76089633763f952e67f8214cb7b3ee6bfa489b3cb6a84cfac114cd"},
    {file = "msgpack-1.1.0-cp39-cp39-win_amd64.whl", hash = "sha256:4d1b7ff2d6146e16e8bd665ac726a89c74163ef8cd39fa8c1087d4e52d3a2325"},
    {file = "msgpack-1.1.0.tar.gz", hash = "sha256:dd432ccc2c72b914e4cb77afce64aab761c1137cc698be3984eee260bcb2896e"},
]

[[package]]
name = "mypy-extensions"
version = "1.0.0"
description = "Type system extensions for programs checked with the mypy type checker."
optional = false
python-versions = ">=3.5"
files = [
    {file = "mypy_extensions-1.0.0-py3-none-any.whl", hash = "sha256:4392f6c0eb8a5668a69e23d168ffa70f0be9ccfd32b5cc2d26a34ae5b844552d"},
    {file = "mypy_extensions-1.0.0.tar.gz", hash = "sha256:75dbf8955dc00442a438fc4d0666508a9a97b6bd41aa2f0ffe9d2f2725af0782"},
]

[[package]]
name = "packaging"
version = "24.2"
description = "Core utilities for Python packages"
optional = false
python-versions = ">=3.8"
files = [
    {file = "packaging-24.2-py3-none-any.whl", hash = "sha256:09abb1bccd265c01f4a3aa3f7a7db064b36514d2cba19a2f694fe6150451a759"},
    {file = "packaging-24.2.tar.gz", hash = "sha256:c228a6dc5e932d346bc5739379109d49e8853dd8223571c7c5b55260edc0b97f"},
]

[[package]]
name = "pathspec"
version = "0.12.1"
description = "Utility library for gitignore style pattern matching of file paths."
optional = false
python-versions = ">=3.8"
files = [
    {file = "pathspec-0.12.1-py3-none-any.whl", hash = "sha256:a0d503e138a4c123b27490a4f7beda6a01c6f288df0e4a8b79c7eb0dc7b4cc08"},
    {file = "pathspec-0.12.1.tar.gz", hash = "sha256:a482d51503a1ab33b1c67a6c3813a26953dbdc71c31dacaef9a838c4e29f5712"},
]

[[package]]
name = "platformdirs"
version = "4.3.6"
description = "A small Python package for determining appropriate platform-specific dirs, e.g. a `user data dir`."
optional = false
python-versions = ">=3.8"
files = [
    {file = "platformdirs-4.3.6-py3-none-any.whl", hash = "sha256:73e575e1408ab8103900836b97580d5307456908a03e92031bab39e4554cc3fb"},
    {file = "platformdirs-4.3.6.tar.gz", hash = "sha256:357fb2acbc885b0419afd3ce3ed34564c13c9b95c89360cd9563f73aa5e2b907"},
]

[package.extras]
docs = ["furo (>=2024.8.6)", "proselint (>=0.14)", "sphinx (>=8.0.2)", "sphinx-autodoc-typehints (>=2.4)"]
test = ["appdirs (==1.4.4)", "covdefaults (>=2.3)", "pytest (>=8.3.2)", "pytest-cov (>=5)", "pytest-mock (>=3.14)"]
type = ["mypy (>=1.11.2)"]

[[package]]
name = "pluggy"
version = "1.5.0"
description = "plugin and hook calling mechanisms for python"
optional = false
python-versions = ">=3.8"
files = [
    {file = "pluggy-1.5.0-py3-none-any.whl", hash = "sha256:44e1ad92c8ca002de6377e165f3e0f1be63266ab4d554740532335b9d75ea669"},
    {file = "pluggy-1.5.0.tar.gz", hash = "sha256:2cffa88e94fdc978c4c574f15f9e59b7f4201d439195c3715ca9e2486f1d0cf1"},
]

[package.extras]
dev = ["pre-commit", "tox"]
testing = ["pytest", "pytest-benchmark"]

[[package]]
name = "pytest"
version = "7.4.4"
description = "pytest: simple powerful testing with Python"
optional = false
python-versions = ">=3.7"
files = [
    {file = "pytest-7.4.4-py3-none-any.whl", hash = "sha256:b090cdf5ed60bf4c45261be03239c2c1c22df034fbffe691abe93cd80cea01d8"},
    {file = "pytest-7.4.4.tar.gz", hash = "sha256:2cf0005922c6ace4a3e2ec8b4080eb0d9753fdc93107415332f50ce9e7994280"},
]

[package.dependencies]
colorama = {version = "*", markers = "sys_platform == \"win32\""}
exceptiongroup = {version = ">=1.0.0rc8", markers = "python_version < \"3.11\""}
iniconfig = "*"
packaging = "*"
pluggy = ">=0.12,<2.0"
tomli = {version = ">=1.0.0", markers = "python_version < \"3.11\""}

[package.extras]
testing = ["argcomplete", "attrs (>=19.2.0)", "hypothesis (>=3.56)", "mock", "nose", "pygments (>=2.7.2)", "requests", "setuptools", "xmlschema"]

[[package]]
name = "pytest-asyncio"
version = "0.20.3"
description = "Pytest support for asyncio"
optional = false
python-versions = ">=3.7"
files = [
    {file = "pytest-asyncio-0.20.3.tar.gz", hash = "sha256:83cbf01169ce3e8eb71c6c278ccb0574d1a7a3bb8eaaf5e50e0ad342afb33b36"},
    {file = "pytest_asyncio-0.20.3-py3-none-any.whl", hash = "sha256:f129998b209d04fcc65c96fc85c11e5316738358909a8399e93be553d7656442"},
]

[package.dependencies]
pytest = ">=6.1.0"

[package.extras]
docs = ["sphinx (>=5.3)", "sphinx-rtd-theme (>=1.0)"]
testing = ["coverage (>=6.2)", "flaky (>=3.5.0)", "hypothesis (>=5.7.1)", "mypy (>=0.931)", "pytest-trio (>=0.7.0)"]

[[package]]
name = "tomli"
version = "2.2.1"
description = "A lil' TOML parser"
optional = false
python-versions = ">=3.8"
files = [
    {file = "tomli-2.2.1-cp311-cp311-macosx_10_9_x86_64.whl", hash = "sha256:678e4fa69e4575eb77d103de3df8a895e1591b48e740211bd1067378c69e8249"},
    {file = "tomli-2.2.1-cp311-cp311-macosx_11_0_arm64.whl", hash = "sha256:023aa114dd824ade0100497eb2318602af309e5a55595f76b626d6d9f3b7b0a6"},
    {file = "tomli-2.2.1-cp311-cp311-manylinux_2_17_aarch64.manylinux2014_aarch64.whl", hash = "sha256:ece47d672db52ac607a3d9599a9d48dcb2f2f735c6c2d1f34130085bb12b112a"},
    {file = "tomli-2.2.1-cp311-cp311-manylinux_2_17_x86_64.manylinux2014_x86_64.whl", hash = "sha256:6972ca9c9cc9f0acaa56a8ca1ff51e7af152a9f87fb64623e31d5c83700080ee"},
    {file = "tomli-2.2.1-cp311-cp311-manylinux_2_5_i686.manylinux1_i686.manylinux_2_17_i686.manylinux2014_i686.whl", hash = "sha256:c954d2250168d28797dd4e3ac5cf812a406cd5a92674ee4c8f123c889786aa8e"},
    {file = "tomli-2.2.1-cp311-cp311-musllinux_1_2_aarch64.whl", hash = "sha256:8dd28b3e155b80f4d54beb40a441d366adcfe740969820caf156c019fb5c7ec4"},
    {file = "tomli-2.2.1-cp311-cp311-musllinux_1_2_i686.whl", hash = "sha256:e59e304978767a54663af13c07b3d1af22ddee3bb2fb0618ca1593e4f593a106"},
    {file = "tomli-2.2.1-cp311-cp311-musllinux_1_2_x86_64.whl", hash = "sha256:33580bccab0338d00994d7f16f4c4ec25b776af3ffaac1ed74e0b3fc95e885a8"},
    {file = "tomli-2.2.1-cp311-cp311-win32.whl", hash = "sha256:465af0e0875402f1d226519c9904f37254b3045fc5084697cefb9bdde1ff99ff"},
    {file = "tomli-2.2.1-cp311-cp311-win_amd64.whl", hash = "sha256:2d0f2fdd22b02c6d81637a3c95f8cd77f995846af7414c5c4b8d0545afa1bc4b"},
    {file = "tomli-2.2.1-cp312-cp312-macosx_10_13_x86_64.whl", hash = "sha256:4a8f6e44de52d5e6c657c9fe83b562f5f4256d8ebbfe4ff922c495620a7f6cea"},
    {file = "tomli-2.2.1-cp312-cp312-macosx_11_0_arm64.whl", hash = "sha256:8d57ca8095a641b8237d5b079147646153d22552f1c637fd3ba7f4b0b29167a8"},
    {file = "tomli-2.2.1-cp312-cp312-manylinux_2_17_aarch64.manylinux2014_aarch64.whl", hash = "sha256:4e340144ad7ae1533cb897d406382b4b6fede8890a03738ff1683af800d54192"},
    {file = "tomli-2.2.1-cp312-cp312-manylinux_2_17_x86_64.manylinux2014_x86_64.whl", hash = "sha256:db2b95f9de79181805df90bedc5a5ab4c165e6ec3fe99f970d0e302f384ad222"},
    {file = "tomli-2.2.1-cp312-cp312-manylinux_2_5_i686.manylinux1_i686.manylinux_2_17_i686.manylinux2014_i686.whl", hash = "sha256:40741994320b232529c802f8bc86da4e1aa9f413db394617b9a256ae0f9a7f77"},
    {file = "tomli-2.2.1-cp312-cp312-musllinux_1_2_aarch64.whl", hash = "sha256:400e720fe168c0f8521520190686ef8ef033fb19fc493da09779e592861b78c6"},
    {file = "tomli-2.2.1-cp312-cp312-musllinux_1_2_i686.whl", hash = "sha256:02abe224de6ae62c19f090f68da4e27b10af2b93213d36cf44e6e1c5abd19fdd"},
    {file = "tomli-2.2.1-cp312-cp312-musllinux_1_2_x86_64.whl", hash = "sha256:b82ebccc8c8a36f2094e969560a1b836758481f3dc360ce9a3277c65f374285e"},
    {file = "tomli-2.2.1-cp312-cp312-win32.whl", hash = "sha256:889f80ef92701b9dbb224e49ec87c645ce5df3fa2cc548664eb8a25e03127a98"},
    {file = "tomli-2.2.1-cp312-cp312-win_amd64.whl", hash = "sha256:7fc04e92e1d624a4a63c76474610238576942d6b8950a2d7f908a340494e67e4"},
    {file = "tomli-2.2.1-cp313-cp313-macosx_10_13_x86_64.whl", hash = "sha256:f4039b9cbc3048b2416cc57ab3bda989a6fcf9b36cf8937f01a6e731b64f80d7"},
    {file = "tomli-2.2.1-cp313-cp313-macosx_11_0_arm64.whl", hash = "sha256:286f0ca2ffeeb5b9bd4fcc8d6c330534323ec51b2f52da063b11c502da16f30c"},
    {file = "tomli-2.2.1-cp313-cp313-manylinux_2_17_aarch64.manylinux2014_aarch64.whl", hash = "sha256:a92ef1a44547e894e2a17d24e7557a5e85a9e1d0048b0b5e7541f76c5032cb13"},
    {file = "tomli-2.2.1-cp313-cp313-manylinux_2_17_x86_64.manylinux2014_x86_64.whl", hash = "sha256:9316dc65bed1684c9a98ee68759ceaed29d229e985297003e494aa825ebb0281"},
    {file = "tomli-2.2.1-cp313-cp313-manylinux_2_5_i686.manylinux1_i686.manylinux_2_17_i686.manylinux2014_i686.whl", hash = "sha256:e85e99945e688e32d5a35c1ff38ed0b3f41f43fad8df0bdf79f72b2ba7bc5272"},
    {file = "tomli-2.2.1-cp313-cp313-musllinux_1_2_aarch64.whl", hash = "sha256:ac065718db92ca818f8d6141b5f66369833d4a80a9d74435a268c52bdfa73140"},
    {file = "tomli-2.2.1-cp313-cp313-musllinux_1_2_i686.whl", hash = "sha256:d920f33822747519673ee656a4b6ac33e382eca9d331c87770faa3eef562aeb2"},
    {file = "tomli-2.2.1-cp313-cp313-musllinux_1_2_x86_64.whl", hash = "sha256:a198f10c4d1b1375d7687bc25294306e551bf1abfa4eace6650070a5c1ae2744"},
    {file = "tomli-2.2.1-cp313-cp313-win32.whl", hash = "sha256:d3f5614314d758649ab2ab3a62d4f2004c825922f9e370b29416484086b264ec"},
    {file = "tomli-2.2.1-cp313-cp313-win_amd64.whl", hash = "sha256:a38aa0308e754b0e3c67e344754dff64999ff9b513e691d0e786265c93583c69"},
    {file = "tomli-2.2.1-py3-none-any.whl", hash = "sha256:cb55c73c5f4408779d0cf3eef9f762b9c9f147a77de7b258bef0a5628adc85cc"},
    {file = "tomli-2.2.1.tar.gz", hash = "sha256:cd45e1dc79c835ce60f7404ec8119f2eb06d38b1deba146f07ced3bbc44505ff"},
]

[[package]]
name = "typing-extensions"
version = "4.12.2"
description = "Backported and Experimental Type Hints for Python 3.8+"
optional = false
python-versions = ">=3.8"
files = [
    {file = "typing_extensions-4.12.2-py3-none-any.whl", hash = "sha256:04e5ca0351e0f3f85c6853954072df659d0d13fac324d0072316b67d7794700d"},
    {file = "typing_extensions-4.12.2.tar.gz", hash = "sha256:1a7ead55c7e559dd4dee8856e3a88b41225abfe1ce8df57b7c13915fe121ffb8"},
]

[metadata]
lock-version = "2.0"
python-versions = "^3.8"
content-hash = "ed00545f6bbf803359eb7ddf9233a5a5fccc628d53825c62d521a0442cc03c64"
